// !$*UTF8*$!
{
	archiveVersion = 1;
	classes = {
	};
	objectVersion = 46;
	objects = {

/* Begin PBXBuildFile section */
		C2FB71DD159A067E00AF0CA9 /* Cocoa.framework in Frameworks */ = {isa = PBXBuildFile; fileRef = C2FB71DC159A067E00AF0CA9 /* Cocoa.framework */; };
		C2FB71E7159A067E00AF0CA9 /* InfoPlist.strings in Resources */ = {isa = PBXBuildFile; fileRef = C2FB71E5159A067E00AF0CA9 /* InfoPlist.strings */; };
		C2FB71E9159A067E00AF0CA9 /* main.m in Sources */ = {isa = PBXBuildFile; fileRef = C2FB71E8159A067E00AF0CA9 /* main.m */; };
		C2FB71ED159A067E00AF0CA9 /* Credits.rtf in Resources */ = {isa = PBXBuildFile; fileRef = C2FB71EB159A067E00AF0CA9 /* Credits.rtf */; };
		C2FB71F0159A067E00AF0CA9 /* KSAppDelegate.m in Sources */ = {isa = PBXBuildFile; fileRef = C2FB71EF159A067E00AF0CA9 /* KSAppDelegate.m */; };
		C2FB71F3159A067E00AF0CA9 /* MainMenu.xib in Resources */ = {isa = PBXBuildFile; fileRef = C2FB71F1159A067E00AF0CA9 /* MainMenu.xib */; };
		C2FB71FB159A069600AF0CA9 /* Carbon.framework in Frameworks */ = {isa = PBXBuildFile; fileRef = C2FB71FA159A069600AF0CA9 /* Carbon.framework */; };
		C2FB7205159A06B500AF0CA9 /* PTHotKey.m in Sources */ = {isa = PBXBuildFile; fileRef = C2FB71FD159A06B500AF0CA9 /* PTHotKey.m */; settings = {COMPILER_FLAGS = "-fno-objc-arc"; }; };
		C2FB7206159A06B500AF0CA9 /* PTHotKeyCenter.m in Sources */ = {isa = PBXBuildFile; fileRef = C2FB71FF159A06B500AF0CA9 /* PTHotKeyCenter.m */; settings = {COMPILER_FLAGS = "-fno-objc-arc"; }; };
		C2FB7207159A06B500AF0CA9 /* PTKeyCodes.plist in Resources */ = {isa = PBXBuildFile; fileRef = C2FB7200159A06B500AF0CA9 /* PTKeyCodes.plist */; };
		C2FB7208159A06B500AF0CA9 /* PTKeyCodeTranslator.m in Sources */ = {isa = PBXBuildFile; fileRef = C2FB7202159A06B500AF0CA9 /* PTKeyCodeTranslator.m */; settings = {COMPILER_FLAGS = "-fno-objc-arc"; }; };
		C2FB7209159A06B500AF0CA9 /* PTKeyCombo.m in Sources */ = {isa = PBXBuildFile; fileRef = C2FB7204159A06B500AF0CA9 /* PTKeyCombo.m */; settings = {COMPILER_FLAGS = "-fno-objc-arc"; }; };
		C2FB7210159A098500AF0CA9 /* ShortcutRecorder.framework in Frameworks */ = {isa = PBXBuildFile; fileRef = C2FB720F159A098500AF0CA9 /* ShortcutRecorder.framework */; };
		C2FB7211159A099200AF0CA9 /* ShortcutRecorder.framework in CopyFiles */ = {isa = PBXBuildFile; fileRef = C2FB720F159A098500AF0CA9 /* ShortcutRecorder.framework */; };
/* End PBXBuildFile section */

/* Begin PBXCopyFilesBuildPhase section */
		C2FB720C159A06C700AF0CA9 /* CopyFiles */ = {
			isa = PBXCopyFilesBuildPhase;
			buildActionMask = 2147483647;
			dstPath = "";
			dstSubfolderSpec = 10;
			files = (
				C2FB7211159A099200AF0CA9 /* ShortcutRecorder.framework in CopyFiles */,
			);
			runOnlyForDeploymentPostprocessing = 0;
		};
/* End PBXCopyFilesBuildPhase section */

/* Begin PBXFileReference section */
		C2FB71D8159A067E00AF0CA9 /* ShortcutRecorderTest.app */ = {isa = PBXFileReference; explicitFileType = wrapper.application; includeInIndex = 0; path = ShortcutRecorderTest.app; sourceTree = BUILT_PRODUCTS_DIR; };
		C2FB71DC159A067E00AF0CA9 /* Cocoa.framework */ = {isa = PBXFileReference; lastKnownFileType = wrapper.framework; name = Cocoa.framework; path = System/Library/Frameworks/Cocoa.framework; sourceTree = SDKROOT; };
		C2FB71DF159A067E00AF0CA9 /* AppKit.framework */ = {isa = PBXFileReference; lastKnownFileType = wrapper.framework; name = AppKit.framework; path = System/Library/Frameworks/AppKit.framework; sourceTree = SDKROOT; };
		C2FB71E0159A067E00AF0CA9 /* CoreData.framework */ = {isa = PBXFileReference; lastKnownFileType = wrapper.framework; name = CoreData.framework; path = System/Library/Frameworks/CoreData.framework; sourceTree = SDKROOT; };
		C2FB71E1159A067E00AF0CA9 /* Foundation.framework */ = {isa = PBXFileReference; lastKnownFileType = wrapper.framework; name = Foundation.framework; path = System/Library/Frameworks/Foundation.framework; sourceTree = SDKROOT; };
		C2FB71E4159A067E00AF0CA9 /* ShortcutRecorderTest-Info.plist */ = {isa = PBXFileReference; lastKnownFileType = text.plist.xml; path = "ShortcutRecorderTest-Info.plist"; sourceTree = "<group>"; };
		C2FB71E6159A067E00AF0CA9 /* en */ = {isa = PBXFileReference; lastKnownFileType = text.plist.strings; name = en; path = en.lproj/InfoPlist.strings; sourceTree = "<group>"; };
		C2FB71E8159A067E00AF0CA9 /* main.m */ = {isa = PBXFileReference; lastKnownFileType = sourcecode.c.objc; path = main.m; sourceTree = "<group>"; };
		C2FB71EA159A067E00AF0CA9 /* ShortcutRecorderTest-Prefix.pch */ = {isa = PBXFileReference; lastKnownFileType = sourcecode.c.h; path = "ShortcutRecorderTest-Prefix.pch"; sourceTree = "<group>"; };
		C2FB71EC159A067E00AF0CA9 /* en */ = {isa = PBXFileReference; lastKnownFileType = text.rtf; name = en; path = en.lproj/Credits.rtf; sourceTree = "<group>"; };
		C2FB71EE159A067E00AF0CA9 /* KSAppDelegate.h */ = {isa = PBXFileReference; lastKnownFileType = sourcecode.c.h; path = KSAppDelegate.h; sourceTree = "<group>"; };
		C2FB71EF159A067E00AF0CA9 /* KSAppDelegate.m */ = {isa = PBXFileReference; lastKnownFileType = sourcecode.c.objc; path = KSAppDelegate.m; sourceTree = "<group>"; };
		C2FB71F2159A067E00AF0CA9 /* en */ = {isa = PBXFileReference; lastKnownFileType = file.xib; name = en; path = en.lproj/MainMenu.xib; sourceTree = "<group>"; };
		C2FB71F9159A068800AF0CA9 /* ShortcutRecorderTest.entitlements */ = {isa = PBXFileReference; lastKnownFileType = text.xml; path = ShortcutRecorderTest.entitlements; sourceTree = "<group>"; };
		C2FB71FA159A069600AF0CA9 /* Carbon.framework */ = {isa = PBXFileReference; lastKnownFileType = wrapper.framework; name = Carbon.framework; path = System/Library/Frameworks/Carbon.framework; sourceTree = SDKROOT; };
		C2FB71FC159A06B500AF0CA9 /* PTHotKey.h */ = {isa = PBXFileReference; fileEncoding = 4; lastKnownFileType = sourcecode.c.h; path = PTHotKey.h; sourceTree = "<group>"; };
		C2FB71FD159A06B500AF0CA9 /* PTHotKey.m */ = {isa = PBXFileReference; fileEncoding = 4; lastKnownFileType = sourcecode.c.objc; path = PTHotKey.m; sourceTree = "<group>"; };
		C2FB71FE159A06B500AF0CA9 /* PTHotKeyCenter.h */ = {isa = PBXFileReference; fileEncoding = 4; lastKnownFileType = sourcecode.c.h; path = PTHotKeyCenter.h; sourceTree = "<group>"; };
		C2FB71FF159A06B500AF0CA9 /* PTHotKeyCenter.m */ = {isa = PBXFileReference; fileEncoding = 4; lastKnownFileType = sourcecode.c.objc; path = PTHotKeyCenter.m; sourceTree = "<group>"; };
		C2FB7200159A06B500AF0CA9 /* PTKeyCodes.plist */ = {isa = PBXFileReference; fileEncoding = 4; lastKnownFileType = text.plist.xml; path = PTKeyCodes.plist; sourceTree = "<group>"; };
		C2FB7201159A06B500AF0CA9 /* PTKeyCodeTranslator.h */ = {isa = PBXFileReference; fileEncoding = 4; lastKnownFileType = sourcecode.c.h; path = PTKeyCodeTranslator.h; sourceTree = "<group>"; };
		C2FB7202159A06B500AF0CA9 /* PTKeyCodeTranslator.m */ = {isa = PBXFileReference; fileEncoding = 4; lastKnownFileType = sourcecode.c.objc; path = PTKeyCodeTranslator.m; sourceTree = "<group>"; };
		C2FB7203159A06B500AF0CA9 /* PTKeyCombo.h */ = {isa = PBXFileReference; fileEncoding = 4; lastKnownFileType = sourcecode.c.h; path = PTKeyCombo.h; sourceTree = "<group>"; };
		C2FB7204159A06B500AF0CA9 /* PTKeyCombo.m */ = {isa = PBXFileReference; fileEncoding = 4; lastKnownFileType = sourcecode.c.objc; path = PTKeyCombo.m; sourceTree = "<group>"; };
		C2FB720F159A098500AF0CA9 /* ShortcutRecorder.framework */ = {isa = PBXFileReference; lastKnownFileType = wrapper.framework; name = ShortcutRecorder.framework; path = ShortcutRecorderTest/ShortcutRecorder.framework; sourceTree = "<group>"; };
/* End PBXFileReference section */

/* Begin PBXFrameworksBuildPhase section */
		C2FB71D5159A067E00AF0CA9 /* Frameworks */ = {
			isa = PBXFrameworksBuildPhase;
			buildActionMask = 2147483647;
			files = (
				C2FB71FB159A069600AF0CA9 /* Carbon.framework in Frameworks */,
				C2FB71DD159A067E00AF0CA9 /* Cocoa.framework in Frameworks */,
				C2FB7210159A098500AF0CA9 /* ShortcutRecorder.framework in Frameworks */,
			);
			runOnlyForDeploymentPostprocessing = 0;
		};
/* End PBXFrameworksBuildPhase section */

/* Begin PBXGroup section */
		C2FB71CD159A067E00AF0CA9 = {
			isa = PBXGroup;
			children = (
				C2FB71E2159A067E00AF0CA9 /* ShortcutRecorderTest */,
				C2FB71DB159A067E00AF0CA9 /* Frameworks */,
				C2FB71D9159A067E00AF0CA9 /* Products */,
			);
			sourceTree = "<group>";
		};
		C2FB71D9159A067E00AF0CA9 /* Products */ = {
			isa = PBXGroup;
			children = (
				C2FB71D8159A067E00AF0CA9 /* ShortcutRecorderTest.app */,
			);
			name = Products;
			sourceTree = "<group>";
		};
		C2FB71DB159A067E00AF0CA9 /* Frameworks */ = {
			isa = PBXGroup;
			children = (
				C2FB720F159A098500AF0CA9 /* ShortcutRecorder.framework */,
				C2FB71DC159A067E00AF0CA9 /* Cocoa.framework */,
				C2FB71DE159A067E00AF0CA9 /* Other Frameworks */,
			);
			name = Frameworks;
			sourceTree = "<group>";
		};
		C2FB71DE159A067E00AF0CA9 /* Other Frameworks */ = {
			isa = PBXGroup;
			children = (
				C2FB71FA159A069600AF0CA9 /* Carbon.framework */,
				C2FB71DF159A067E00AF0CA9 /* AppKit.framework */,
				C2FB71E0159A067E00AF0CA9 /* CoreData.framework */,
				C2FB71E1159A067E00AF0CA9 /* Foundation.framework */,
			);
			name = "Other Frameworks";
			sourceTree = "<group>";
		};
		C2FB71E2159A067E00AF0CA9 /* ShortcutRecorderTest */ = {
			isa = PBXGroup;
			children = (
				C2FB71EE159A067E00AF0CA9 /* KSAppDelegate.h */,
				C2FB71EF159A067E00AF0CA9 /* KSAppDelegate.m */,
				C2FB71F1159A067E00AF0CA9 /* MainMenu.xib */,
				C2FB71E3159A067E00AF0CA9 /* Supporting Files */,
			);
			path = ShortcutRecorderTest;
			sourceTree = "<group>";
		};
		C2FB71E3159A067E00AF0CA9 /* Supporting Files */ = {
			isa = PBXGroup;
			children = (
				C2FB720E159A070D00AF0CA9 /* PTHotKey */,
				C2FB71F9159A068800AF0CA9 /* ShortcutRecorderTest.entitlements */,
				C2FB71E4159A067E00AF0CA9 /* ShortcutRecorderTest-Info.plist */,
				C2FB71E5159A067E00AF0CA9 /* InfoPlist.strings */,
				C2FB71E8159A067E00AF0CA9 /* main.m */,
				C2FB71EA159A067E00AF0CA9 /* ShortcutRecorderTest-Prefix.pch */,
				C2FB71EB159A067E00AF0CA9 /* Credits.rtf */,
			);
			name = "Supporting Files";
			sourceTree = "<group>";
		};
		C2FB720E159A070D00AF0CA9 /* PTHotKey */ = {
			isa = PBXGroup;
			children = (
				C2FB71FC159A06B500AF0CA9 /* PTHotKey.h */,
				C2FB71FD159A06B500AF0CA9 /* PTHotKey.m */,
				C2FB71FE159A06B500AF0CA9 /* PTHotKeyCenter.h */,
				C2FB71FF159A06B500AF0CA9 /* PTHotKeyCenter.m */,
				C2FB7200159A06B500AF0CA9 /* PTKeyCodes.plist */,
				C2FB7201159A06B500AF0CA9 /* PTKeyCodeTranslator.h */,
				C2FB7202159A06B500AF0CA9 /* PTKeyCodeTranslator.m */,
				C2FB7203159A06B500AF0CA9 /* PTKeyCombo.h */,
				C2FB7204159A06B500AF0CA9 /* PTKeyCombo.m */,
			);
			name = PTHotKey;
			sourceTree = "<group>";
		};
/* End PBXGroup section */

/* Begin PBXNativeTarget section */
		C2FB71D7159A067E00AF0CA9 /* ShortcutRecorderTest */ = {
			isa = PBXNativeTarget;
			buildConfigurationList = C2FB71F6159A067E00AF0CA9 /* Build configuration list for PBXNativeTarget "ShortcutRecorderTest" */;
			buildPhases = (
				C2FB71D4159A067E00AF0CA9 /* Sources */,
				C2FB71D5159A067E00AF0CA9 /* Frameworks */,
				C2FB71D6159A067E00AF0CA9 /* Resources */,
				C2FB720C159A06C700AF0CA9 /* CopyFiles */,
			);
			buildRules = (
			);
			dependencies = (
			);
			name = ShortcutRecorderTest;
			productName = ShortcutRecorderTest;
			productReference = C2FB71D8159A067E00AF0CA9 /* ShortcutRecorderTest.app */;
			productType = "com.apple.product-type.application";
		};
/* End PBXNativeTarget section */

/* Begin PBXProject section */
		C2FB71CF159A067E00AF0CA9 /* Project object */ = {
			isa = PBXProject;
			attributes = {
				CLASSPREFIX = KS;
				LastUpgradeCheck = 0440;
			};
			buildConfigurationList = C2FB71D2159A067E00AF0CA9 /* Build configuration list for PBXProject "ShortcutRecorderTest" */;
			compatibilityVersion = "Xcode 3.2";
			developmentRegion = English;
			hasScannedForEncodings = 0;
			knownRegions = (
				en,
			);
			mainGroup = C2FB71CD159A067E00AF0CA9;
			productRefGroup = C2FB71D9159A067E00AF0CA9 /* Products */;
			projectDirPath = "";
			projectRoot = "";
			targets = (
				C2FB71D7159A067E00AF0CA9 /* ShortcutRecorderTest */,
			);
		};
/* End PBXProject section */

/* Begin PBXResourcesBuildPhase section */
		C2FB71D6159A067E00AF0CA9 /* Resources */ = {
			isa = PBXResourcesBuildPhase;
			buildActionMask = 2147483647;
			files = (
				C2FB71E7159A067E00AF0CA9 /* InfoPlist.strings in Resources */,
				C2FB71ED159A067E00AF0CA9 /* Credits.rtf in Resources */,
				C2FB71F3159A067E00AF0CA9 /* MainMenu.xib in Resources */,
				C2FB7207159A06B500AF0CA9 /* PTKeyCodes.plist in Resources */,
			);
			runOnlyForDeploymentPostprocessing = 0;
		};
/* End PBXResourcesBuildPhase section */

/* Begin PBXSourcesBuildPhase section */
		C2FB71D4159A067E00AF0CA9 /* Sources */ = {
			isa = PBXSourcesBuildPhase;
			buildActionMask = 2147483647;
			files = (
				C2FB71E9159A067E00AF0CA9 /* main.m in Sources */,
				C2FB71F0159A067E00AF0CA9 /* KSAppDelegate.m in Sources */,
				C2FB7205159A06B500AF0CA9 /* PTHotKey.m in Sources */,
				C2FB7206159A06B500AF0CA9 /* PTHotKeyCenter.m in Sources */,
				C2FB7208159A06B500AF0CA9 /* PTKeyCodeTranslator.m in Sources */,
				C2FB7209159A06B500AF0CA9 /* PTKeyCombo.m in Sources */,
			);
			runOnlyForDeploymentPostprocessing = 0;
		};
/* End PBXSourcesBuildPhase section */

/* Begin PBXVariantGroup section */
		C2FB71E5159A067E00AF0CA9 /* InfoPlist.strings */ = {
			isa = PBXVariantGroup;
			children = (
				C2FB71E6159A067E00AF0CA9 /* en */,
			);
			name = InfoPlist.strings;
			sourceTree = "<group>";
		};
		C2FB71EB159A067E00AF0CA9 /* Credits.rtf */ = {
			isa = PBXVariantGroup;
			children = (
				C2FB71EC159A067E00AF0CA9 /* en */,
			);
			name = Credits.rtf;
			sourceTree = "<group>";
		};
		C2FB71F1159A067E00AF0CA9 /* MainMenu.xib */ = {
			isa = PBXVariantGroup;
			children = (
				C2FB71F2159A067E00AF0CA9 /* en */,
			);
			name = MainMenu.xib;
			sourceTree = "<group>";
		};
/* End PBXVariantGroup section */

/* Begin XCBuildConfiguration section */
		C2FB71F4159A067E00AF0CA9 /* Debug */ = {
			isa = XCBuildConfiguration;
			buildSettings = {
				ALWAYS_SEARCH_USER_PATHS = NO;
				ARCHS = "$(ARCHS_STANDARD_64_BIT)";
				CLANG_ENABLE_OBJC_ARC = YES;
				COPY_PHASE_STRIP = NO;
				GCC_C_LANGUAGE_STANDARD = gnu99;
				GCC_DYNAMIC_NO_PIC = NO;
				GCC_ENABLE_OBJC_EXCEPTIONS = YES;
				GCC_OPTIMIZATION_LEVEL = 0;
				GCC_PREPROCESSOR_DEFINITIONS = (
					"DEBUG=1",
					"$(inherited)",
				);
				GCC_SYMBOLS_PRIVATE_EXTERN = NO;
				GCC_VERSION = com.apple.compilers.llvm.clang.1_0;
				GCC_WARN_64_TO_32_BIT_CONVERSION = YES;
				GCC_WARN_ABOUT_RETURN_TYPE = YES;
				GCC_WARN_UNINITIALIZED_AUTOS = YES;
				GCC_WARN_UNUSED_VARIABLE = YES;
				MACOSX_DEPLOYMENT_TARGET = 10.7;
				ONLY_ACTIVE_ARCH = YES;
				SDKROOT = macosx;
			};
			name = Debug;
		};
		C2FB71F5159A067E00AF0CA9 /* Release */ = {
			isa = XCBuildConfiguration;
			buildSettings = {
				ALWAYS_SEARCH_USER_PATHS = NO;
				ARCHS = "$(ARCHS_STANDARD_64_BIT)";
				CLANG_ENABLE_OBJC_ARC = YES;
				COPY_PHASE_STRIP = YES;
				DEBUG_INFORMATION_FORMAT = "dwarf-with-dsym";
				GCC_C_LANGUAGE_STANDARD = gnu99;
				GCC_ENABLE_OBJC_EXCEPTIONS = YES;
				GCC_VERSION = com.apple.compilers.llvm.clang.1_0;
				GCC_WARN_64_TO_32_BIT_CONVERSION = YES;
				GCC_WARN_ABOUT_RETURN_TYPE = YES;
				GCC_WARN_UNINITIALIZED_AUTOS = YES;
				GCC_WARN_UNUSED_VARIABLE = YES;
				MACOSX_DEPLOYMENT_TARGET = 10.7;
				SDKROOT = macosx;
			};
			name = Release;
		};
		C2FB71F7159A067E00AF0CA9 /* Debug */ = {
			isa = XCBuildConfiguration;
			buildSettings = {
				CODE_SIGN_ENTITLEMENTS = ShortcutRecorderTest/ShortcutRecorderTest.entitlements;
				CODE_SIGN_IDENTITY = "Mac Developer";
				COMBINE_HIDPI_IMAGES = YES;
				FRAMEWORK_SEARCH_PATHS = (
					"$(inherited)",
					"\"$(SRCROOT)\"",
					"\"$(SRCROOT)/ShortcutRecorderTest\"",
				);
				GCC_PRECOMPILE_PREFIX_HEADER = YES;
				GCC_PREFIX_HEADER = "ShortcutRecorderTest/ShortcutRecorderTest-Prefix.pch";
				INFOPLIST_FILE = "ShortcutRecorderTest/ShortcutRecorderTest-Info.plist";
				PRODUCT_NAME = "$(TARGET_NAME)";
				WRAPPER_EXTENSION = app;
			};
			name = Debug;
		};
		C2FB71F8159A067E00AF0CA9 /* Release */ = {
			isa = XCBuildConfiguration;
			buildSettings = {
				CODE_SIGN_ENTITLEMENTS = ShortcutRecorderTest/ShortcutRecorderTest.entitlements;
				CODE_SIGN_IDENTITY = "Mac Developer";
				COMBINE_HIDPI_IMAGES = YES;
				FRAMEWORK_SEARCH_PATHS = (
					"$(inherited)",
					"\"$(SRCROOT)\"",
					"\"$(SRCROOT)/ShortcutRecorderTest\"",
				);
				GCC_PRECOMPILE_PREFIX_HEADER = YES;
				GCC_PREFIX_HEADER = "ShortcutRecorderTest/ShortcutRecorderTest-Prefix.pch";
				INFOPLIST_FILE = "ShortcutRecorderTest/ShortcutRecorderTest-Info.plist";
				PRODUCT_NAME = "$(TARGET_NAME)";
				WRAPPER_EXTENSION = app;
			};
			name = Release;
		};
/* End XCBuildConfiguration section */

/* Begin XCConfigurationList section */
		C2FB71D2159A067E00AF0CA9 /* Build configuration list for PBXProject "ShortcutRecorderTest" */ = {
			isa = XCConfigurationList;
			buildConfigurations = (
				C2FB71F4159A067E00AF0CA9 /* Debug */,
				C2FB71F5159A067E00AF0CA9 /* Release */,
			);
			defaultConfigurationIsVisible = 0;
			defaultConfigurationName = Release;
		};
		C2FB71F6159A067E00AF0CA9 /* Build configuration list for PBXNativeTarget "ShortcutRecorderTest" */ = {
			isa = XCConfigurationList;
			buildConfigurations = (
				C2FB71F7159A067E00AF0CA9 /* Debug */,
				C2FB71F8159A067E00AF0CA9 /* Release */,
			);
			defaultConfigurationIsVisible = 0;
			defaultConfigurationName = Release;
		};
/* End XCConfigurationList section */
	};
	rootObject = C2FB71CF159A067E00AF0CA9 /* Project object */;
}
